// !$*UTF8*$!
{
	archiveVersion = 1;
	classes = {
	};
	objectVersion = 50;
	objects = {

/* Begin PBXBuildFile section */
		F1A96E3027EE3CC10001356A /* AppDelegate.swift in Sources */ = {isa = PBXBuildFile; fileRef = F1A96E2F27EE3CC10001356A /* AppDelegate.swift */; };
		F1A96E3227EE3CC10001356A /* SceneDelegate.swift in Sources */ = {isa = PBXBuildFile; fileRef = F1A96E3127EE3CC10001356A /* SceneDelegate.swift */; };
		F1A96E3427EE3CC10001356A /* ViewController.swift in Sources */ = {isa = PBXBuildFile; fileRef = F1A96E3327EE3CC10001356A /* ViewController.swift */; };
		F1A96E3727EE3CC10001356A /* Main.storyboard in Resources */ = {isa = PBXBuildFile; fileRef = F1A96E3527EE3CC10001356A /* Main.storyboard */; };
		F1A96E3927EE3CC30001356A /* Assets.xcassets in Resources */ = {isa = PBXBuildFile; fileRef = F1A96E3827EE3CC30001356A /* Assets.xcassets */; };
		F1A96E3C27EE3CC30001356A /* LaunchScreen.storyboard in Resources */ = {isa = PBXBuildFile; fileRef = F1A96E3A27EE3CC30001356A /* LaunchScreen.storyboard */; };
		F1A96E4727EE3CC30001356A /* ParstagramTests.swift in Sources */ = {isa = PBXBuildFile; fileRef = F1A96E4627EE3CC30001356A /* ParstagramTests.swift */; };
		F1A96E5227EE3CC30001356A /* ParstagramUITests.swift in Sources */ = {isa = PBXBuildFile; fileRef = F1A96E5127EE3CC30001356A /* ParstagramUITests.swift */; };
/* End PBXBuildFile section */

/* Begin PBXContainerItemProxy section */
		F1A96E4327EE3CC30001356A /* PBXContainerItemProxy */ = {
			isa = PBXContainerItemProxy;
			containerPortal = F1A96E2427EE3CC10001356A /* Project object */;
			proxyType = 1;
			remoteGlobalIDString = F1A96E2B27EE3CC10001356A;
			remoteInfo = Parstagram;
		};
		F1A96E4E27EE3CC30001356A /* PBXContainerItemProxy */ = {
			isa = PBXContainerItemProxy;
			containerPortal = F1A96E2427EE3CC10001356A /* Project object */;
			proxyType = 1;
			remoteGlobalIDString = F1A96E2B27EE3CC10001356A;
			remoteInfo = Parstagram;
		};
/* End PBXContainerItemProxy section */

/* Begin PBXFileReference section */
		F1A96E2C27EE3CC10001356A /* Parstagram.app */ = {isa = PBXFileReference; explicitFileType = wrapper.application; includeInIndex = 0; path = Parstagram.app; sourceTree = BUILT_PRODUCTS_DIR; };
		F1A96E2F27EE3CC10001356A /* AppDelegate.swift */ = {isa = PBXFileReference; lastKnownFileType = sourcecode.swift; path = AppDelegate.swift; sourceTree = "<group>"; };
		F1A96E3127EE3CC10001356A /* SceneDelegate.swift */ = {isa = PBXFileReference; lastKnownFileType = sourcecode.swift; path = SceneDelegate.swift; sourceTree = "<group>"; };
		F1A96E3327EE3CC10001356A /* ViewController.swift */ = {isa = PBXFileReference; lastKnownFileType = sourcecode.swift; path = ViewController.swift; sourceTree = "<group>"; };
		F1A96E3627EE3CC10001356A /* Base */ = {isa = PBXFileReference; lastKnownFileType = file.storyboard; name = Base; path = Base.lproj/Main.storyboard; sourceTree = "<group>"; };
		F1A96E3827EE3CC30001356A /* Assets.xcassets */ = {isa = PBXFileReference; lastKnownFileType = folder.assetcatalog; path = Assets.xcassets; sourceTree = "<group>"; };
		F1A96E3B27EE3CC30001356A /* Base */ = {isa = PBXFileReference; lastKnownFileType = file.storyboard; name = Base; path = Base.lproj/LaunchScreen.storyboard; sourceTree = "<group>"; };
		F1A96E3D27EE3CC30001356A /* Info.plist */ = {isa = PBXFileReference; lastKnownFileType = text.plist.xml; path = Info.plist; sourceTree = "<group>"; };
		F1A96E4227EE3CC30001356A /* ParstagramTests.xctest */ = {isa = PBXFileReference; explicitFileType = wrapper.cfbundle; includeInIndex = 0; path = ParstagramTests.xctest; sourceTree = BUILT_PRODUCTS_DIR; };
		F1A96E4627EE3CC30001356A /* ParstagramTests.swift */ = {isa = PBXFileReference; lastKnownFileType = sourcecode.swift; path = ParstagramTests.swift; sourceTree = "<group>"; };
		F1A96E4827EE3CC30001356A /* Info.plist */ = {isa = PBXFileReference; lastKnownFileType = text.plist.xml; path = Info.plist; sourceTree = "<group>"; };
		F1A96E4D27EE3CC30001356A /* ParstagramUITests.xctest */ = {isa = PBXFileReference; explicitFileType = wrapper.cfbundle; includeInIndex = 0; path = ParstagramUITests.xctest; sourceTree = BUILT_PRODUCTS_DIR; };
		F1A96E5127EE3CC30001356A /* ParstagramUITests.swift */ = {isa = PBXFileReference; lastKnownFileType = sourcecode.swift; path = ParstagramUITests.swift; sourceTree = "<group>"; };
		F1A96E5327EE3CC30001356A /* Info.plist */ = {isa = PBXFileReference; lastKnownFileType = text.plist.xml; path = Info.plist; sourceTree = "<group>"; };
/* End PBXFileReference section */

/* Begin PBXFrameworksBuildPhase section */
		F1A96E2927EE3CC10001356A /* Frameworks */ = {
			isa = PBXFrameworksBuildPhase;
			buildActionMask = 2147483647;
			files = (
			);
			runOnlyForDeploymentPostprocessing = 0;
		};
		F1A96E3F27EE3CC30001356A /* Frameworks */ = {
			isa = PBXFrameworksBuildPhase;
			buildActionMask = 2147483647;
			files = (
			);
			runOnlyForDeploymentPostprocessing = 0;
		};
		F1A96E4A27EE3CC30001356A /* Frameworks */ = {
			isa = PBXFrameworksBuildPhase;
			buildActionMask = 2147483647;
			files = (
			);
			runOnlyForDeploymentPostprocessing = 0;
		};
/* End PBXFrameworksBuildPhase section */

/* Begin PBXGroup section */
		F1A96E2327EE3CC10001356A = {
			isa = PBXGroup;
			children = (
				F1A96E2E27EE3CC10001356A /* Parstagram */,
				F1A96E4527EE3CC30001356A /* ParstagramTests */,
				F1A96E5027EE3CC30001356A /* ParstagramUITests */,
				F1A96E2D27EE3CC10001356A /* Products */,
			);
			sourceTree = "<group>";
		};
		F1A96E2D27EE3CC10001356A /* Products */ = {
			isa = PBXGroup;
			children = (
				F1A96E2C27EE3CC10001356A /* Parstagram.app */,
				F1A96E4227EE3CC30001356A /* ParstagramTests.xctest */,
				F1A96E4D27EE3CC30001356A /* ParstagramUITests.xctest */,
			);
			name = Products;
			sourceTree = "<group>";
		};
		F1A96E2E27EE3CC10001356A /* Parstagram */ = {
			isa = PBXGroup;
			children = (
				F1A96E2F27EE3CC10001356A /* AppDelegate.swift */,
				F1A96E3127EE3CC10001356A /* SceneDelegate.swift */,
				F1A96E3327EE3CC10001356A /* ViewController.swift */,
				F1A96E3527EE3CC10001356A /* Main.storyboard */,
				F1A96E3827EE3CC30001356A /* Assets.xcassets */,
				F1A96E3A27EE3CC30001356A /* LaunchScreen.storyboard */,
				F1A96E3D27EE3CC30001356A /* Info.plist */,
			);
			path = Parstagram;
			sourceTree = "<group>";
		};
		F1A96E4527EE3CC30001356A /* ParstagramTests */ = {
			isa = PBXGroup;
			children = (
				F1A96E4627EE3CC30001356A /* ParstagramTests.swift */,
				F1A96E4827EE3CC30001356A /* Info.plist */,
			);
			path = ParstagramTests;
			sourceTree = "<group>";
		};
		F1A96E5027EE3CC30001356A /* ParstagramUITests */ = {
			isa = PBXGroup;
			children = (
				F1A96E5127EE3CC30001356A /* ParstagramUITests.swift */,
				F1A96E5327EE3CC30001356A /* Info.plist */,
			);
			path = ParstagramUITests;
			sourceTree = "<group>";
		};
/* End PBXGroup section */

/* Begin PBXNativeTarget section */
		F1A96E2B27EE3CC10001356A /* Parstagram */ = {
			isa = PBXNativeTarget;
			buildConfigurationList = F1A96E5627EE3CC30001356A /* Build configuration list for PBXNativeTarget "Parstagram" */;
			buildPhases = (
				F1A96E2827EE3CC10001356A /* Sources */,
				F1A96E2927EE3CC10001356A /* Frameworks */,
				F1A96E2A27EE3CC10001356A /* Resources */,
			);
			buildRules = (
			);
			dependencies = (
			);
			name = Parstagram;
			productName = Parstagram;
			productReference = F1A96E2C27EE3CC10001356A /* Parstagram.app */;
			productType = "com.apple.product-type.application";
		};
		F1A96E4127EE3CC30001356A /* ParstagramTests */ = {
			isa = PBXNativeTarget;
			buildConfigurationList = F1A96E5927EE3CC30001356A /* Build configuration list for PBXNativeTarget "ParstagramTests" */;
			buildPhases = (
				F1A96E3E27EE3CC30001356A /* Sources */,
				F1A96E3F27EE3CC30001356A /* Frameworks */,
				F1A96E4027EE3CC30001356A /* Resources */,
			);
			buildRules = (
			);
			dependencies = (
				F1A96E4427EE3CC30001356A /* PBXTargetDependency */,
			);
			name = ParstagramTests;
			productName = ParstagramTests;
			productReference = F1A96E4227EE3CC30001356A /* ParstagramTests.xctest */;
			productType = "com.apple.product-type.bundle.unit-test";
		};
		F1A96E4C27EE3CC30001356A /* ParstagramUITests */ = {
			isa = PBXNativeTarget;
			buildConfigurationList = F1A96E5C27EE3CC30001356A /* Build configuration list for PBXNativeTarget "ParstagramUITests" */;
			buildPhases = (
				F1A96E4927EE3CC30001356A /* Sources */,
				F1A96E4A27EE3CC30001356A /* Frameworks */,
				F1A96E4B27EE3CC30001356A /* Resources */,
			);
			buildRules = (
			);
			dependencies = (
				F1A96E4F27EE3CC30001356A /* PBXTargetDependency */,
			);
			name = ParstagramUITests;
			productName = ParstagramUITests;
			productReference = F1A96E4D27EE3CC30001356A /* ParstagramUITests.xctest */;
			productType = "com.apple.product-type.bundle.ui-testing";
		};
/* End PBXNativeTarget section */

/* Begin PBXProject section */
		F1A96E2427EE3CC10001356A /* Project object */ = {
			isa = PBXProject;
			attributes = {
				LastSwiftUpdateCheck = 1220;
				LastUpgradeCheck = 1220;
				TargetAttributes = {
					F1A96E2B27EE3CC10001356A = {
						CreatedOnToolsVersion = 12.2;
					};
					F1A96E4127EE3CC30001356A = {
						CreatedOnToolsVersion = 12.2;
						TestTargetID = F1A96E2B27EE3CC10001356A;
					};
					F1A96E4C27EE3CC30001356A = {
						CreatedOnToolsVersion = 12.2;
						TestTargetID = F1A96E2B27EE3CC10001356A;
					};
				};
			};
			buildConfigurationList = F1A96E2727EE3CC10001356A /* Build configuration list for PBXProject "Parstagram" */;
			compatibilityVersion = "Xcode 9.3";
			developmentRegion = en;
			hasScannedForEncodings = 0;
			knownRegions = (
				en,
				Base,
			);
			mainGroup = F1A96E2327EE3CC10001356A;
			productRefGroup = F1A96E2D27EE3CC10001356A /* Products */;
			projectDirPath = "";
			projectRoot = "";
			targets = (
				F1A96E2B27EE3CC10001356A /* Parstagram */,
				F1A96E4127EE3CC30001356A /* ParstagramTests */,
				F1A96E4C27EE3CC30001356A /* ParstagramUITests */,
			);
		};
/* End PBXProject section */

/* Begin PBXResourcesBuildPhase section */
		F1A96E2A27EE3CC10001356A /* Resources */ = {
			isa = PBXResourcesBuildPhase;
			buildActionMask = 2147483647;
			files = (
				F1A96E3C27EE3CC30001356A /* LaunchScreen.storyboard in Resources */,
				F1A96E3927EE3CC30001356A /* Assets.xcassets in Resources */,
				F1A96E3727EE3CC10001356A /* Main.storyboard in Resources */,
			);
			runOnlyForDeploymentPostprocessing = 0;
		};
		F1A96E4027EE3CC30001356A /* Resources */ = {
			isa = PBXResourcesBuildPhase;
			buildActionMask = 2147483647;
			files = (
			);
			runOnlyForDeploymentPostprocessing = 0;
		};
		F1A96E4B27EE3CC30001356A /* Resources */ = {
			isa = PBXResourcesBuildPhase;
			buildActionMask = 2147483647;
			files = (
			);
			runOnlyForDeploymentPostprocessing = 0;
		};
/* End PBXResourcesBuildPhase section */

/* Begin PBXSourcesBuildPhase section */
		F1A96E2827EE3CC10001356A /* Sources */ = {
			isa = PBXSourcesBuildPhase;
			buildActionMask = 2147483647;
			files = (
				F1A96E3427EE3CC10001356A /* ViewController.swift in Sources */,
				F1A96E3027EE3CC10001356A /* AppDelegate.swift in Sources */,
				F1A96E3227EE3CC10001356A /* SceneDelegate.swift in Sources */,
			);
			runOnlyForDeploymentPostprocessing = 0;
		};
		F1A96E3E27EE3CC30001356A /* Sources */ = {
			isa = PBXSourcesBuildPhase;
			buildActionMask = 2147483647;
			files = (
				F1A96E4727EE3CC30001356A /* ParstagramTests.swift in Sources */,
			);
			runOnlyForDeploymentPostprocessing = 0;
		};
		F1A96E4927EE3CC30001356A /* Sources */ = {
			isa = PBXSourcesBuildPhase;
			buildActionMask = 2147483647;
			files = (
				F1A96E5227EE3CC30001356A /* ParstagramUITests.swift in Sources */,
			);
			runOnlyForDeploymentPostprocessing = 0;
		};
/* End PBXSourcesBuildPhase section */

/* Begin PBXTargetDependency section */
		F1A96E4427EE3CC30001356A /* PBXTargetDependency */ = {
			isa = PBXTargetDependency;
			target = F1A96E2B27EE3CC10001356A /* Parstagram */;
			targetProxy = F1A96E4327EE3CC30001356A /* PBXContainerItemProxy */;
		};
		F1A96E4F27EE3CC30001356A /* PBXTargetDependency */ = {
			isa = PBXTargetDependency;
			target = F1A96E2B27EE3CC10001356A /* Parstagram */;
			targetProxy = F1A96E4E27EE3CC30001356A /* PBXContainerItemProxy */;
		};
/* End PBXTargetDependency section */

/* Begin PBXVariantGroup section */
		F1A96E3527EE3CC10001356A /* Main.storyboard */ = {
			isa = PBXVariantGroup;
			children = (
				F1A96E3627EE3CC10001356A /* Base */,
			);
			name = Main.storyboard;
			sourceTree = "<group>";
		};
		F1A96E3A27EE3CC30001356A /* LaunchScreen.storyboard */ = {
			isa = PBXVariantGroup;
			children = (
				F1A96E3B27EE3CC30001356A /* Base */,
			);
			name = LaunchScreen.storyboard;
			sourceTree = "<group>";
		};
/* End PBXVariantGroup section */

/* Begin XCBuildConfiguration section */
		F1A96E5427EE3CC30001356A /* Debug */ = {
			isa = XCBuildConfiguration;
			buildSettings = {
				ALWAYS_SEARCH_USER_PATHS = NO;
				CLANG_ANALYZER_NONNULL = YES;
				CLANG_ANALYZER_NUMBER_OBJECT_CONVERSION = YES_AGGRESSIVE;
				CLANG_CXX_LANGUAGE_STANDARD = "gnu++14";
				CLANG_CXX_LIBRARY = "libc++";
				CLANG_ENABLE_MODULES = YES;
				CLANG_ENABLE_OBJC_ARC = YES;
				CLANG_ENABLE_OBJC_WEAK = YES;
				CLANG_WARN_BLOCK_CAPTURE_AUTORELEASING = YES;
				CLANG_WARN_BOOL_CONVERSION = YES;
				CLANG_WARN_COMMA = YES;
				CLANG_WARN_CONSTANT_CONVERSION = YES;
				CLANG_WARN_DEPRECATED_OBJC_IMPLEMENTATIONS = YES;
				CLANG_WARN_DIRECT_OBJC_ISA_USAGE = YES_ERROR;
				CLANG_WARN_DOCUMENTATION_COMMENTS = YES;
				CLANG_WARN_EMPTY_BODY = YES;
				CLANG_WARN_ENUM_CONVERSION = YES;
				CLANG_WARN_INFINITE_RECURSION = YES;
				CLANG_WARN_INT_CONVERSION = YES;
				CLANG_WARN_NON_LITERAL_NULL_CONVERSION = YES;
				CLANG_WARN_OBJC_IMPLICIT_RETAIN_SELF = YES;
				CLANG_WARN_OBJC_LITERAL_CONVERSION = YES;
				CLANG_WARN_OBJC_ROOT_CLASS = YES_ERROR;
				CLANG_WARN_QUOTED_INCLUDE_IN_FRAMEWORK_HEADER = YES;
				CLANG_WARN_RANGE_LOOP_ANALYSIS = YES;
				CLANG_WARN_STRICT_PROTOTYPES = YES;
				CLANG_WARN_SUSPICIOUS_MOVE = YES;
				CLANG_WARN_UNGUARDED_AVAILABILITY = YES_AGGRESSIVE;
				CLANG_WARN_UNREACHABLE_CODE = YES;
				CLANG_WARN__DUPLICATE_METHOD_MATCH = YES;
				COPY_PHASE_STRIP = NO;
				DEBUG_INFORMATION_FORMAT = dwarf;
				ENABLE_STRICT_OBJC_MSGSEND = YES;
				ENABLE_TESTABILITY = YES;
				GCC_C_LANGUAGE_STANDARD = gnu11;
				GCC_DYNAMIC_NO_PIC = NO;
				GCC_NO_COMMON_BLOCKS = YES;
				GCC_OPTIMIZATION_LEVEL = 0;
				GCC_PREPROCESSOR_DEFINITIONS = (
					"DEBUG=1",
					"$(inherited)",
				);
				GCC_WARN_64_TO_32_BIT_CONVERSION = YES;
				GCC_WARN_ABOUT_RETURN_TYPE = YES_ERROR;
				GCC_WARN_UNDECLARED_SELECTOR = YES;
				GCC_WARN_UNINITIALIZED_AUTOS = YES_AGGRESSIVE;
				GCC_WARN_UNUSED_FUNCTION = YES;
				GCC_WARN_UNUSED_VARIABLE = YES;
				IPHONEOS_DEPLOYMENT_TARGET = 14.2;
				MTL_ENABLE_DEBUG_INFO = INCLUDE_SOURCE;
				MTL_FAST_MATH = YES;
				ONLY_ACTIVE_ARCH = YES;
				SDKROOT = iphoneos;
				SWIFT_ACTIVE_COMPILATION_CONDITIONS = DEBUG;
				SWIFT_OPTIMIZATION_LEVEL = "-Onone";
			};
			name = Debug;
		};
		F1A96E5527EE3CC30001356A /* Release */ = {
			isa = XCBuildConfiguration;
			buildSettings = {
				ALWAYS_SEARCH_USER_PATHS = NO;
				CLANG_ANALYZER_NONNULL = YES;
				CLANG_ANALYZER_NUMBER_OBJECT_CONVERSION = YES_AGGRESSIVE;
				CLANG_CXX_LANGUAGE_STANDARD = "gnu++14";
				CLANG_CXX_LIBRARY = "libc++";
				CLANG_ENABLE_MODULES = YES;
				CLANG_ENABLE_OBJC_ARC = YES;
				CLANG_ENABLE_OBJC_WEAK = YES;
				CLANG_WARN_BLOCK_CAPTURE_AUTORELEASING = YES;
				CLANG_WARN_BOOL_CONVERSION = YES;
				CLANG_WARN_COMMA = YES;
				CLANG_WARN_CONSTANT_CONVERSION = YES;
				CLANG_WARN_DEPRECATED_OBJC_IMPLEMENTATIONS = YES;
				CLANG_WARN_DIRECT_OBJC_ISA_USAGE = YES_ERROR;
				CLANG_WARN_DOCUMENTATION_COMMENTS = YES;
				CLANG_WARN_EMPTY_BODY = YES;
				CLANG_WARN_ENUM_CONVERSION = YES;
				CLANG_WARN_INFINITE_RECURSION = YES;
				CLANG_WARN_INT_CONVERSION = YES;
				CLANG_WARN_NON_LITERAL_NULL_CONVERSION = YES;
				CLANG_WARN_OBJC_IMPLICIT_RETAIN_SELF = YES;
				CLANG_WARN_OBJC_LITERAL_CONVERSION = YES;
				CLANG_WARN_OBJC_ROOT_CLASS = YES_ERROR;
				CLANG_WARN_QUOTED_INCLUDE_IN_FRAMEWORK_HEADER = YES;
				CLANG_WARN_RANGE_LOOP_ANALYSIS = YES;
				CLANG_WARN_STRICT_PROTOTYPES = YES;
				CLANG_WARN_SUSPICIOUS_MOVE = YES;
				CLANG_WARN_UNGUARDED_AVAILABILITY = YES_AGGRESSIVE;
				CLANG_WARN_UNREACHABLE_CODE = YES;
				CLANG_WARN__DUPLICATE_METHOD_MATCH = YES;
				COPY_PHASE_STRIP = NO;
				DEBUG_INFORMATION_FORMAT = "dwarf-with-dsym";
				ENABLE_NS_ASSERTIONS = NO;
				ENABLE_STRICT_OBJC_MSGSEND = YES;
				GCC_C_LANGUAGE_STANDARD = gnu11;
				GCC_NO_COMMON_BLOCKS = YES;
				GCC_WARN_64_TO_32_BIT_CONVERSION = YES;
				GCC_WARN_ABOUT_RETURN_TYPE = YES_ERROR;
				GCC_WARN_UNDECLARED_SELECTOR = YES;
				GCC_WARN_UNINITIALIZED_AUTOS = YES_AGGRESSIVE;
				GCC_WARN_UNUSED_FUNCTION = YES;
				GCC_WARN_UNUSED_VARIABLE = YES;
				IPHONEOS_DEPLOYMENT_TARGET = 14.2;
				MTL_ENABLE_DEBUG_INFO = NO;
				MTL_FAST_MATH = YES;
				SDKROOT = iphoneos;
				SWIFT_COMPILATION_MODE = wholemodule;
				SWIFT_OPTIMIZATION_LEVEL = "-O";
				VALIDATE_PRODUCT = YES;
			};
			name = Release;
		};
		F1A96E5727EE3CC30001356A /* Debug */ = {
			isa = XCBuildConfiguration;
			buildSettings = {
				ASSETCATALOG_COMPILER_APPICON_NAME = AppIcon;
				ASSETCATALOG_COMPILER_GLOBAL_ACCENT_COLOR_NAME = AccentColor;
				CODE_SIGN_STYLE = Automatic;
				DEVELOPMENT_TEAM = HCH9WVWKQ6;
				INFOPLIST_FILE = Parstagram/Info.plist;
				LD_RUNPATH_SEARCH_PATHS = (
					"$(inherited)",
					"@executable_path/Frameworks",
				);
				PRODUCT_BUNDLE_IDENTIFIER = com.diegoam7.Parstagram;
				PRODUCT_NAME = "$(TARGET_NAME)";
				SWIFT_VERSION = 5.0;
				TARGETED_DEVICE_FAMILY = "1,2";
			};
			name = Debug;
		};
		F1A96E5827EE3CC30001356A /* Release */ = {
			isa = XCBuildConfiguration;
			buildSettings = {
				ASSETCATALOG_COMPILER_APPICON_NAME = AppIcon;
				ASSETCATALOG_COMPILER_GLOBAL_ACCENT_COLOR_NAME = AccentColor;
				CODE_SIGN_STYLE = Automatic;
				DEVELOPMENT_TEAM = HCH9WVWKQ6;
				INFOPLIST_FILE = Parstagram/Info.plist;
				LD_RUNPATH_SEARCH_PATHS = (
					"$(inherited)",
					"@executable_path/Frameworks",
				);
				PRODUCT_BUNDLE_IDENTIFIER = com.diegoam7.Parstagram;
				PRODUCT_NAME = "$(TARGET_NAME)";
				SWIFT_VERSION = 5.0;
				TARGETED_DEVICE_FAMILY = "1,2";
			};
			name = Release;
		};
		F1A96E5A27EE3CC30001356A /* Debug */ = {
			isa = XCBuildConfiguration;
			buildSettings = {
				ALWAYS_EMBED_SWIFT_STANDARD_LIBRARIES = YES;
				BUNDLE_LOADER = "$(TEST_HOST)";
				CODE_SIGN_STYLE = Automatic;
				DEVELOPMENT_TEAM = HCH9WVWKQ6;
				INFOPLIST_FILE = ParstagramTests/Info.plist;
				IPHONEOS_DEPLOYMENT_TARGET = 14.2;
				LD_RUNPATH_SEARCH_PATHS = (
					"$(inherited)",
					"@executable_path/Frameworks",
					"@loader_path/Frameworks",
				);
				PRODUCT_BUNDLE_IDENTIFIER = com.diegoam7.ParstagramTests;
				PRODUCT_NAME = "$(TARGET_NAME)";
				SWIFT_VERSION = 5.0;
				TARGETED_DEVICE_FAMILY = "1,2";
				TEST_HOST = "$(BUILT_PRODUCTS_DIR)/Parstagram.app/Parstagram";
			};
			name = Debug;
		};
		F1A96E5B27EE3CC30001356A /* Release */ = {
			isa = XCBuildConfiguration;
			buildSettings = {
				ALWAYS_EMBED_SWIFT_STANDARD_LIBRARIES = YES;
				BUNDLE_LOADER = "$(TEST_HOST)";
				CODE_SIGN_STYLE = Automatic;
				DEVELOPMENT_TEAM = HCH9WVWKQ6;
				INFOPLIST_FILE = ParstagramTests/Info.plist;
				IPHONEOS_DEPLOYMENT_TARGET = 14.2;
				LD_RUNPATH_SEARCH_PATHS = (
					"$(inherited)",
					"@executable_path/Frameworks",
					"@loader_path/Frameworks",
				);
				PRODUCT_BUNDLE_IDENTIFIER = com.diegoam7.ParstagramTests;
				PRODUCT_NAME = "$(TARGET_NAME)";
				SWIFT_VERSION = 5.0;
				TARGETED_DEVICE_FAMILY = "1,2";
				TEST_HOST = "$(BUILT_PRODUCTS_DIR)/Parstagram.app/Parstagram";
			};
			name = Release;
		};
		F1A96E5D27EE3CC30001356A /* Debug */ = {
			isa = XCBuildConfiguration;
			buildSettings = {
				ALWAYS_EMBED_SWIFT_STANDARD_LIBRARIES = YES;
				CODE_SIGN_STYLE = Automatic;
				DEVELOPMENT_TEAM = HCH9WVWKQ6;
				INFOPLIST_FILE = ParstagramUITests/Info.plist;
				LD_RUNPATH_SEARCH_PATHS = (
					"$(inherited)",
					"@executable_path/Frameworks",
					"@loader_path/Frameworks",
				);
				PRODUCT_BUNDLE_IDENTIFIER = com.diegoam7.ParstagramUITests;
				PRODUCT_NAME = "$(TARGET_NAME)";
				SWIFT_VERSION = 5.0;
				TARGETED_DEVICE_FAMILY = "1,2";
				TEST_TARGET_NAME = Parstagram;
			};
			name = Debug;
		};
		F1A96E5E27EE3CC30001356A /* Release */ = {
			isa = XCBuildConfiguration;
			buildSettings = {
				ALWAYS_EMBED_SWIFT_STANDARD_LIBRARIES = YES;
				CODE_SIGN_STYLE = Automatic;
				DEVELOPMENT_TEAM = HCH9WVWKQ6;
				INFOPLIST_FILE = ParstagramUITests/Info.plist;
				LD_RUNPATH_SEARCH_PATHS = (
					"$(inherited)",
					"@executable_path/Frameworks",
					"@loader_path/Frameworks",
				);
				PRODUCT_BUNDLE_IDENTIFIER = com.diegoam7.ParstagramUITests;
				PRODUCT_NAME = "$(TARGET_NAME)";
				SWIFT_VERSION = 5.0;
				TARGETED_DEVICE_FAMILY = "1,2";
				TEST_TARGET_NAME = Parstagram;
			};
			name = Release;
		};
/* End XCBuildConfiguration section */

/* Begin XCConfigurationList section */
		F1A96E2727EE3CC10001356A /* Build configuration list for PBXProject "Parstagram" */ = {
			isa = XCConfigurationList;
			buildConfigurations = (
				F1A96E5427EE3CC30001356A /* Debug */,
				F1A96E5527EE3CC30001356A /* Release */,
			);
			defaultConfigurationIsVisible = 0;
			defaultConfigurationName = Release;
		};
		F1A96E5627EE3CC30001356A /* Build configuration list for PBXNativeTarget "Parstagram" */ = {
			isa = XCConfigurationList;
			buildConfigurations = (
				F1A96E5727EE3CC30001356A /* Debug */,
				F1A96E5827EE3CC30001356A /* Release */,
			);
			defaultConfigurationIsVisible = 0;
			defaultConfigurationName = Release;
		};
		F1A96E5927EE3CC30001356A /* Build configuration list for PBXNativeTarget "ParstagramTests" */ = {
			isa = XCConfigurationList;
			buildConfigurations = (
				F1A96E5A27EE3CC30001356A /* Debug */,
				F1A96E5B27EE3CC30001356A /* Release */,
			);
			defaultConfigurationIsVisible = 0;
			defaultConfigurationName = Release;
		};
		F1A96E5C27EE3CC30001356A /* Build configuration list for PBXNativeTarget "ParstagramUITests" */ = {
			isa = XCConfigurationList;
			buildConfigurations = (
				F1A96E5D27EE3CC30001356A /* Debug */,
				F1A96E5E27EE3CC30001356A /* Release */,
			);
			defaultConfigurationIsVisible = 0;
			defaultConfigurationName = Release;
		};
/* End XCConfigurationList section */
	};
	rootObject = F1A96E2427EE3CC10001356A /* Project object */;
}
